
Microsoft Visual Studio Solution File, Format Version 12.00
# Visual Studio Version 16
VisualStudioVersion = 16.0.30621.155
MinimumVisualStudioVersion = 10.0.40219.1
Project("{FAE04EC0-301F-11D3-BF4B-00C04F79EFBC}") = "GetCostLaptopFromWebsites", "GetCostLaptopFromWebsites\GetCostLaptopFromWebsites.csproj", "{88205438-390A-42AE-A9B0-7D4D42C14D31}"
EndProject
Global
	GlobalSection(SolutionConfigurationPlatforms) = preSolution
		Debug|Any CPU = Debug|Any CPU
		Release|Any CPU = Release|Any CPU
	EndGlobalSection
	GlobalSection(ProjectConfigurationPlatforms) = postSolution
		{88205438-390A-42AE-A9B0-7D4D42C14D31}.Debug|Any CPU.ActiveCfg = Debug|Any CPU
		{88205438-390A-42AE-A9B0-7D4D42C14D31}.Debug|Any CPU.Build.0 = Debug|Any CPU
		{88205438-390A-42AE-A9B0-7D4D42C14D31}.Release|Any CPU.ActiveCfg = Release|Any CPU
		{88205438-390A-42AE-A9B0-7D4D42C14D31}.Release|Any CPU.Build.0 = Release|Any CPU
	EndGlobalSection
	GlobalSection(SolutionProperties) = preSolution
		HideSolutionNode = FALSE
	EndGlobalSection
	GlobalSection(ExtensibilityGlobals) = postSolution
		SolutionGuid = {B44E2B0A-BA22-474A-B7B4-BCBFD6E9993A}
	EndGlobalSection
EndGlobal
